
Microsoft Visual Studio Solution File, Format Version 12.00
# Visual Studio Version 17
VisualStudioVersion = 17.13.35931.197 d17.13
MinimumVisualStudioVersion = 10.0.40219.1
Project("{FAE04EC0-301F-11D3-BF4B-00C04F79EFBC}") = "LAB3", "LAB3\LAB3.csproj", "{C9D92C04-7E12-4B1F-A19D-6C8B0568DE01}"
EndProject
Global
	GlobalSection(SolutionConfigurationPlatforms) = preSolution
		Debug|Any CPU = Debug|Any CPU
		Release|Any CPU = Release|Any CPU
	EndGlobalSection
	GlobalSection(ProjectConfigurationPlatforms) = postSolution
		{C9D92C04-7E12-4B1F-A19D-6C8B0568DE01}.Debug|Any CPU.ActiveCfg = Debug|Any CPU
		{C9D92C04-7E12-4B1F-A19D-6C8B0568DE01}.Debug|Any CPU.Build.0 = Debug|Any CPU
		{C9D92C04-7E12-4B1F-A19D-6C8B0568DE01}.Release|Any CPU.ActiveCfg = Release|Any CPU
		{C9D92C04-7E12-4B1F-A19D-6C8B0568DE01}.Release|Any CPU.Build.0 = Release|Any CPU
	EndGlobalSection
	GlobalSection(SolutionProperties) = preSolution
		HideSolutionNode = FALSE
	EndGlobalSection
	GlobalSection(ExtensibilityGlobals) = postSolution
		SolutionGuid = {6DD70980-B95D-4B5F-B54B-349D8EE5981F}
	EndGlobalSection
EndGlobal
